{
  "name": "mdsvex-shiki",
  "version": "1.0.0",
  "lockfileVersion": 3,
  "requires": true,
  "packages": {
    "": {
      "name": "mdsvex-shiki",
      "version": "1.0.0",
      "license": "ISC",
      "dependencies": {
        "@shikijs/transformers": "^1.11.1",
        "shiki": "^1.11.1"
      }
    },
    "node_modules/@shikijs/core": {
      "version": "1.12.0",
      "resolved": "https://registry.npmjs.org/@shikijs/core/-/core-1.12.0.tgz",
      "integrity": "sha512-mc1cLbm6UQ8RxLc0dZES7v5rkH+99LxQp/ZvTqV3NLyYsO/fD6JhEflP1H5b2SDq9gI0+0G36AVZWxvounfR9w==",
      "license": "MIT",
      "dependencies": {
        "@types/hast": "^3.0.4"
      }
    },
    "node_modules/@shikijs/transformers": {
      "version": "1.12.0",
      "resolved": "https://registry.npmjs.org/@shikijs/transformers/-/transformers-1.12.0.tgz",
      "integrity": "sha512-ZS6RzDCWbnDljViMaeuraGaoMesCzDxzO2Slhpvic6j+Wqq4RXfQgb2ITTSrtBjv2HGCLP22mvXydtWCOKea8g==",
      "license": "MIT",
      "dependencies": {
        "shiki": "1.12.0"
      }
    },
    "node_modules/@types/hast": {
      "version": "3.0.4",
      "resolved": "https://registry.npmjs.org/@types/hast/-/hast-3.0.4.tgz",
      "integrity": "sha512-WPs+bbQw5aCj+x6laNGWLH3wviHtoCv/P3+otBhbOhJgG8qtpdAMlTCxLtsTWA7LH1Oh/bFCHsBn0TPS5m30EQ==",
      "license": "MIT",
      "dependencies": {
        "@types/unist": "*"
      }
    },
    "node_modules/@types/unist": {
      "version": "3.0.2",
      "resolved": "https://registry.npmjs.org/@types/unist/-/unist-3.0.2.tgz",
      "integrity": "sha512-dqId9J8K/vGi5Zr7oo212BGii5m3q5Hxlkwy3WpYuKPklmBEvsbMYYyLxAQpSffdLl/gdW0XUpKWFvYmyoWCoQ==",
      "license": "MIT"
    },
    "node_modules/shiki": {
      "version": "1.12.0",
      "resolved": "https://registry.npmjs.org/shiki/-/shiki-1.12.0.tgz",
      "integrity": "sha512-BuAxWOm5JhRcbSOl7XCei8wGjgJJonnV0oipUupPY58iULxUGyHhW5CF+9FRMuM1pcJ5cGEJGll1LusX6FwpPA==",
      "license": "MIT",
      "dependencies": {
        "@shikijs/core": "1.12.0",
        "@types/hast": "^3.0.4"
      }
    }
  }
}
